
Microsoft Visual Studio Solution File, Format Version 12.00
# Visual Studio Version 17
VisualStudioVersion = 17.7.34221.43
MinimumVisualStudioVersion = 10.0.40219.1
Project("{FAE04EC0-301F-11D3-BF4B-00C04F79EFBC}") = "Assignment 12", "Assignment 12\Assignment 12.csproj", "{7D328BA3-C517-466B-914A-943583769403}"
EndProject
Global
	GlobalSection(SolutionConfigurationPlatforms) = preSolution
		Debug|Any CPU = Debug|Any CPU
		Release|Any CPU = Release|Any CPU
	EndGlobalSection
	GlobalSection(ProjectConfigurationPlatforms) = postSolution
		{7D328BA3-C517-466B-914A-943583769403}.Debug|Any CPU.ActiveCfg = Debug|Any CPU
		{7D328BA3-C517-466B-914A-943583769403}.Debug|Any CPU.Build.0 = Debug|Any CPU
		{7D328BA3-C517-466B-914A-943583769403}.Release|Any CPU.ActiveCfg = Release|Any CPU
		{7D328BA3-C517-466B-914A-943583769403}.Release|Any CPU.Build.0 = Release|Any CPU
	EndGlobalSection
	GlobalSection(SolutionProperties) = preSolution
		HideSolutionNode = FALSE
	EndGlobalSection
	GlobalSection(ExtensibilityGlobals) = postSolution
		SolutionGuid = {DEA403CA-DDCB-4876-AD58-F04C7533227E}
	EndGlobalSection
EndGlobal
